// !$*UTF8*$!
{
	archiveVersion = 1;
	classes = {
	};
	objectVersion = 46;
	objects = {

/* Begin PBXBuildFile section */
		9A0ACF441C5F4F9800253B6C /* ccqueue.cpp in Sources */ = {isa = PBXBuildFile; fileRef = 9A0ACF431C5F4F9800253B6C /* ccqueue.cpp */; };
		9A2B289A1C596E81006BD667 /* main.cpp in Sources */ = {isa = PBXBuildFile; fileRef = 9A2B28991C596E81006BD667 /* main.cpp */; };
		9A2B28A81C596E93006BD667 /* dlinkedlist.cpp in Sources */ = {isa = PBXBuildFile; fileRef = 9A2B28A01C596E93006BD667 /* dlinkedlist.cpp */; };
		9A2B28A91C596E93006BD667 /* driver.cpp in Sources */ = {isa = PBXBuildFile; fileRef = 9A2B28A21C596E93006BD667 /* driver.cpp */; };
		9A2B28AA1C596E93006BD667 /* a2simpledriver.cpp in Sources */ = {isa = PBXBuildFile; fileRef = 9A2B28A41C596E93006BD667 /* a2simpledriver.cpp */; };
		9A2B28AB1C596E93006BD667 /* ticket.cpp in Sources */ = {isa = PBXBuildFile; fileRef = 9A2B28A61C596E93006BD667 /* ticket.cpp */; };
/* End PBXBuildFile section */

/* Begin PBXCopyFilesBuildPhase section */
		9A2B28941C596E81006BD667 /* CopyFiles */ = {
			isa = PBXCopyFilesBuildPhase;
			buildActionMask = 2147483647;
			dstPath = /usr/share/man/man1/;
			dstSubfolderSpec = 0;
			files = (
			);
			runOnlyForDeploymentPostprocessing = 1;
		};
/* End PBXCopyFilesBuildPhase section */

/* Begin PBXFileReference section */
		9A0ACF431C5F4F9800253B6C /* ccqueue.cpp */ = {isa = PBXFileReference; fileEncoding = 4; lastKnownFileType = sourcecode.cpp.cpp; name = ccqueue.cpp; path = ../../ccqueue.cpp; sourceTree = "<group>"; };
		9A2B28961C596E81006BD667 /* A2 */ = {isa = PBXFileReference; explicitFileType = "compiled.mach-o.executable"; includeInIndex = 0; path = A2; sourceTree = BUILT_PRODUCTS_DIR; };
		9A2B28991C596E81006BD667 /* main.cpp */ = {isa = PBXFileReference; lastKnownFileType = sourcecode.cpp.cpp; path = main.cpp; sourceTree = "<group>"; };
		9A2B28A01C596E93006BD667 /* dlinkedlist.cpp */ = {isa = PBXFileReference; fileEncoding = 4; lastKnownFileType = sourcecode.cpp.cpp; name = dlinkedlist.cpp; path = ../../dlinkedlist.cpp; sourceTree = "<group>"; };
		9A2B28A11C596E93006BD667 /* dlinkedlist.h */ = {isa = PBXFileReference; fileEncoding = 4; lastKnownFileType = sourcecode.c.h; name = dlinkedlist.h; path = ../../dlinkedlist.h; sourceTree = "<group>"; };
		9A2B28A21C596E93006BD667 /* driver.cpp */ = {isa = PBXFileReference; fileEncoding = 4; lastKnownFileType = sourcecode.cpp.cpp; name = driver.cpp; path = ../../driver.cpp; sourceTree = "<group>"; };
		9A2B28A41C596E93006BD667 /* a2simpledriver.cpp */ = {isa = PBXFileReference; fileEncoding = 4; lastKnownFileType = sourcecode.cpp.cpp; name = a2simpledriver.cpp; path = ../../a2simpledriver.cpp; sourceTree = "<group>"; };
		9A2B28A51C596E93006BD667 /* ccqueue.h */ = {isa = PBXFileReference; fileEncoding = 4; lastKnownFileType = sourcecode.c.h; name = ccqueue.h; path = ../../ccqueue.h; sourceTree = "<group>"; };
		9A2B28A61C596E93006BD667 /* ticket.cpp */ = {isa = PBXFileReference; fileEncoding = 4; lastKnownFileType = sourcecode.cpp.cpp; name = ticket.cpp; path = ../../ticket.cpp; sourceTree = "<group>"; };
		9A2B28A71C596E93006BD667 /* ticket.h */ = {isa = PBXFileReference; fileEncoding = 4; lastKnownFileType = sourcecode.c.h; name = ticket.h; path = ../../ticket.h; sourceTree = "<group>"; };
/* End PBXFileReference section */

/* Begin PBXFrameworksBuildPhase section */
		9A2B28931C596E81006BD667 /* Frameworks */ = {
			isa = PBXFrameworksBuildPhase;
			buildActionMask = 2147483647;
			files = (
			);
			runOnlyForDeploymentPostprocessing = 0;
		};
/* End PBXFrameworksBuildPhase section */

/* Begin PBXGroup section */
		9A2B288D1C596E81006BD667 = {
			isa = PBXGroup;
			children = (
				9A2B28981C596E81006BD667 /* A2 */,
				9A2B28971C596E81006BD667 /* Products */,
			);
			sourceTree = "<group>";
		};
		9A2B28971C596E81006BD667 /* Products */ = {
			isa = PBXGroup;
			children = (
				9A2B28961C596E81006BD667 /* A2 */,
			);
			name = Products;
			sourceTree = "<group>";
		};
		9A2B28981C596E81006BD667 /* A2 */ = {
			isa = PBXGroup;
			children = (
				9A2B28A41C596E93006BD667 /* a2simpledriver.cpp */,
				9A0ACF431C5F4F9800253B6C /* ccqueue.cpp */,
				9A2B28A51C596E93006BD667 /* ccqueue.h */,
				9A2B28A01C596E93006BD667 /* dlinkedlist.cpp */,
				9A2B28A11C596E93006BD667 /* dlinkedlist.h */,
				9A2B28A21C596E93006BD667 /* driver.cpp */,
				9A2B28991C596E81006BD667 /* main.cpp */,
				9A2B28A61C596E93006BD667 /* ticket.cpp */,
				9A2B28A71C596E93006BD667 /* ticket.h */,
			);
			path = A2;
			sourceTree = "<group>";
		};
/* End PBXGroup section */

/* Begin PBXNativeTarget section */
		9A2B28951C596E81006BD667 /* A2 */ = {
			isa = PBXNativeTarget;
			buildConfigurationList = 9A2B289D1C596E81006BD667 /* Build configuration list for PBXNativeTarget "A2" */;
			buildPhases = (
				9A2B28921C596E81006BD667 /* Sources */,
				9A2B28931C596E81006BD667 /* Frameworks */,
				9A2B28941C596E81006BD667 /* CopyFiles */,
			);
			buildRules = (
			);
			dependencies = (
			);
			name = A2;
			productName = A2;
			productReference = 9A2B28961C596E81006BD667 /* A2 */;
			productType = "com.apple.product-type.tool";
		};
/* End PBXNativeTarget section */

/* Begin PBXProject section */
		9A2B288E1C596E81006BD667 /* Project object */ = {
			isa = PBXProject;
			attributes = {
				LastUpgradeCheck = 0700;
				ORGANIZATIONNAME = "Mackenzie Higa";
				TargetAttributes = {
					9A2B28951C596E81006BD667 = {
						CreatedOnToolsVersion = 7.0;
					};
				};
			};
			buildConfigurationList = 9A2B28911C596E81006BD667 /* Build configuration list for PBXProject "A2" */;
			compatibilityVersion = "Xcode 3.2";
			developmentRegion = English;
			hasScannedForEncodings = 0;
			knownRegions = (
				en,
			);
			mainGroup = 9A2B288D1C596E81006BD667;
			productRefGroup = 9A2B28971C596E81006BD667 /* Products */;
			projectDirPath = "";
			projectRoot = "";
			targets = (
				9A2B28951C596E81006BD667 /* A2 */,
			);
		};
/* End PBXProject section */

/* Begin PBXSourcesBuildPhase section */
		9A2B28921C596E81006BD667 /* Sources */ = {
			isa = PBXSourcesBuildPhase;
			buildActionMask = 2147483647;
			files = (
				9A2B28AA1C596E93006BD667 /* a2simpledriver.cpp in Sources */,
				9A2B289A1C596E81006BD667 /* main.cpp in Sources */,
				9A2B28A81C596E93006BD667 /* dlinkedlist.cpp in Sources */,
				9A0ACF441C5F4F9800253B6C /* ccqueue.cpp in Sources */,
				9A2B28A91C596E93006BD667 /* driver.cpp in Sources */,
				9A2B28AB1C596E93006BD667 /* ticket.cpp in Sources */,
			);
			runOnlyForDeploymentPostprocessing = 0;
		};
/* End PBXSourcesBuildPhase section */

/* Begin XCBuildConfiguration section */
		9A2B289B1C596E81006BD667 /* Debug */ = {
			isa = XCBuildConfiguration;
			buildSettings = {
				ALWAYS_SEARCH_USER_PATHS = NO;
				CLANG_CXX_LANGUAGE_STANDARD = "gnu++0x";
				CLANG_CXX_LIBRARY = "libc++";
				CLANG_ENABLE_MODULES = YES;
				CLANG_ENABLE_OBJC_ARC = YES;
				CLANG_WARN_BOOL_CONVERSION = YES;
				CLANG_WARN_CONSTANT_CONVERSION = YES;
				CLANG_WARN_DIRECT_OBJC_ISA_USAGE = YES_ERROR;
				CLANG_WARN_EMPTY_BODY = YES;
				CLANG_WARN_ENUM_CONVERSION = YES;
				CLANG_WARN_INT_CONVERSION = YES;
				CLANG_WARN_OBJC_ROOT_CLASS = YES_ERROR;
				CLANG_WARN_UNREACHABLE_CODE = YES;
				CLANG_WARN__DUPLICATE_METHOD_MATCH = YES;
				COPY_PHASE_STRIP = NO;
				DEBUG_INFORMATION_FORMAT = dwarf;
				ENABLE_STRICT_OBJC_MSGSEND = YES;
				ENABLE_TESTABILITY = YES;
				GCC_C_LANGUAGE_STANDARD = gnu99;
				GCC_DYNAMIC_NO_PIC = NO;
				GCC_NO_COMMON_BLOCKS = YES;
				GCC_OPTIMIZATION_LEVEL = 0;
				GCC_PREPROCESSOR_DEFINITIONS = (
					"DEBUG=1",
					"$(inherited)",
				);
				GCC_WARN_64_TO_32_BIT_CONVERSION = YES;
				GCC_WARN_ABOUT_RETURN_TYPE = YES_ERROR;
				GCC_WARN_UNDECLARED_SELECTOR = YES;
				GCC_WARN_UNINITIALIZED_AUTOS = YES_AGGRESSIVE;
				GCC_WARN_UNUSED_FUNCTION = YES;
				GCC_WARN_UNUSED_VARIABLE = YES;
				MACOSX_DEPLOYMENT_TARGET = 10.10;
				MTL_ENABLE_DEBUG_INFO = YES;
				ONLY_ACTIVE_ARCH = YES;
				SDKROOT = macosx;
			};
			name = Debug;
		};
		9A2B289C1C596E81006BD667 /* Release */ = {
			isa = XCBuildConfiguration;
			buildSettings = {
				ALWAYS_SEARCH_USER_PATHS = NO;
				CLANG_CXX_LANGUAGE_STANDARD = "gnu++0x";
				CLANG_CXX_LIBRARY = "libc++";
				CLANG_ENABLE_MODULES = YES;
				CLANG_ENABLE_OBJC_ARC = YES;
				CLANG_WARN_BOOL_CONVERSION = YES;
				CLANG_WARN_CONSTANT_CONVERSION = YES;
				CLANG_WARN_DIRECT_OBJC_ISA_USAGE = YES_ERROR;
				CLANG_WARN_EMPTY_BODY = YES;
				CLANG_WARN_ENUM_CONVERSION = YES;
				CLANG_WARN_INT_CONVERSION = YES;
				CLANG_WARN_OBJC_ROOT_CLASS = YES_ERROR;
				CLANG_WARN_UNREACHABLE_CODE = YES;
				CLANG_WARN__DUPLICATE_METHOD_MATCH = YES;
				COPY_PHASE_STRIP = NO;
				DEBUG_INFORMATION_FORMAT = "dwarf-with-dsym";
				ENABLE_NS_ASSERTIONS = NO;
				ENABLE_STRICT_OBJC_MSGSEND = YES;
				GCC_C_LANGUAGE_STANDARD = gnu99;
				GCC_NO_COMMON_BLOCKS = YES;
				GCC_WARN_64_TO_32_BIT_CONVERSION = YES;
				GCC_WARN_ABOUT_RETURN_TYPE = YES_ERROR;
				GCC_WARN_UNDECLARED_SELECTOR = YES;
				GCC_WARN_UNINITIALIZED_AUTOS = YES_AGGRESSIVE;
				GCC_WARN_UNUSED_FUNCTION = YES;
				GCC_WARN_UNUSED_VARIABLE = YES;
				MACOSX_DEPLOYMENT_TARGET = 10.10;
				MTL_ENABLE_DEBUG_INFO = NO;
				SDKROOT = macosx;
			};
			name = Release;
		};
		9A2B289E1C596E81006BD667 /* Debug */ = {
			isa = XCBuildConfiguration;
			buildSettings = {
				PRODUCT_NAME = "$(TARGET_NAME)";
			};
			name = Debug;
		};
		9A2B289F1C596E81006BD667 /* Release */ = {
			isa = XCBuildConfiguration;
			buildSettings = {
				PRODUCT_NAME = "$(TARGET_NAME)";
			};
			name = Release;
		};
/* End XCBuildConfiguration section */

/* Begin XCConfigurationList section */
		9A2B28911C596E81006BD667 /* Build configuration list for PBXProject "A2" */ = {
			isa = XCConfigurationList;
			buildConfigurations = (
				9A2B289B1C596E81006BD667 /* Debug */,
				9A2B289C1C596E81006BD667 /* Release */,
			);
			defaultConfigurationIsVisible = 0;
			defaultConfigurationName = Release;
		};
		9A2B289D1C596E81006BD667 /* Build configuration list for PBXNativeTarget "A2" */ = {
			isa = XCConfigurationList;
			buildConfigurations = (
				9A2B289E1C596E81006BD667 /* Debug */,
				9A2B289F1C596E81006BD667 /* Release */,
			);
			defaultConfigurationIsVisible = 0;
			defaultConfigurationName = Release;
		};
/* End XCConfigurationList section */
	};
	rootObject = 9A2B288E1C596E81006BD667 /* Project object */;
}
