// !$*UTF8*$!
{
	archiveVersion = 1;
	classes = {
	};
	objectVersion = 46;
	objects = {

/* Begin PBXBuildFile section */
		9A10D6511C6D1A76005366F4 /* a3driver.cpp in Sources */ = {isa = PBXBuildFile; fileRef = 9A10D64B1C6D1A76005366F4 /* a3driver.cpp */; };
		9A10D6521C6D1A76005366F4 /* sorting.cpp in Sources */ = {isa = PBXBuildFile; fileRef = 9A10D64C1C6D1A76005366F4 /* sorting.cpp */; };
/* End PBXBuildFile section */

/* Begin PBXCopyFilesBuildPhase section */
		9A10D63E1C6D1A69005366F4 /* CopyFiles */ = {
			isa = PBXCopyFilesBuildPhase;
			buildActionMask = 2147483647;
			dstPath = /usr/share/man/man1/;
			dstSubfolderSpec = 0;
			files = (
			);
			runOnlyForDeploymentPostprocessing = 1;
		};
/* End PBXCopyFilesBuildPhase section */

/* Begin PBXFileReference section */
		9A10D6401C6D1A69005366F4 /* assign-3 */ = {isa = PBXFileReference; explicitFileType = "compiled.mach-o.executable"; includeInIndex = 0; path = "assign-3"; sourceTree = BUILT_PRODUCTS_DIR; };
		9A10D64A1C6D1A76005366F4 /* a3-1161.pdf */ = {isa = PBXFileReference; lastKnownFileType = image.pdf; name = "a3-1161.pdf"; path = "../../Assignment 3/a3-1161.pdf"; sourceTree = "<group>"; };
		9A10D64B1C6D1A76005366F4 /* a3driver.cpp */ = {isa = PBXFileReference; fileEncoding = 4; lastKnownFileType = sourcecode.cpp.cpp; name = a3driver.cpp; path = "../../Assignment 3/a3driver.cpp"; sourceTree = "<group>"; };
		9A10D64C1C6D1A76005366F4 /* sorting.cpp */ = {isa = PBXFileReference; fileEncoding = 4; lastKnownFileType = sourcecode.cpp.cpp; name = sorting.cpp; path = "../../Assignment 3/sorting.cpp"; sourceTree = "<group>"; };
		9A10D64D1C6D1A76005366F4 /* test1.txt */ = {isa = PBXFileReference; fileEncoding = 4; lastKnownFileType = text; name = test1.txt; path = "../../Assignment 3/test1.txt"; sourceTree = "<group>"; };
		9A10D64E1C6D1A76005366F4 /* test2.txt */ = {isa = PBXFileReference; fileEncoding = 4; lastKnownFileType = text; name = test2.txt; path = "../../Assignment 3/test2.txt"; sourceTree = "<group>"; };
		9A10D64F1C6D1A76005366F4 /* test3.txt */ = {isa = PBXFileReference; fileEncoding = 4; lastKnownFileType = text; name = test3.txt; path = "../../Assignment 3/test3.txt"; sourceTree = "<group>"; };
		9A10D6501C6D1A76005366F4 /* test4.txt */ = {isa = PBXFileReference; fileEncoding = 4; lastKnownFileType = text; name = test4.txt; path = "../../Assignment 3/test4.txt"; sourceTree = "<group>"; };
/* End PBXFileReference section */

/* Begin PBXFrameworksBuildPhase section */
		9A10D63D1C6D1A69005366F4 /* Frameworks */ = {
			isa = PBXFrameworksBuildPhase;
			buildActionMask = 2147483647;
			files = (
			);
			runOnlyForDeploymentPostprocessing = 0;
		};
/* End PBXFrameworksBuildPhase section */

/* Begin PBXGroup section */
		9A10D6371C6D1A69005366F4 = {
			isa = PBXGroup;
			children = (
				9A10D6421C6D1A69005366F4 /* assign-3 */,
				9A10D6411C6D1A69005366F4 /* Products */,
			);
			sourceTree = "<group>";
		};
		9A10D6411C6D1A69005366F4 /* Products */ = {
			isa = PBXGroup;
			children = (
				9A10D6401C6D1A69005366F4 /* assign-3 */,
			);
			name = Products;
			sourceTree = "<group>";
		};
		9A10D6421C6D1A69005366F4 /* assign-3 */ = {
			isa = PBXGroup;
			children = (
				9A10D64A1C6D1A76005366F4 /* a3-1161.pdf */,
				9A10D64B1C6D1A76005366F4 /* a3driver.cpp */,
				9A10D64C1C6D1A76005366F4 /* sorting.cpp */,
				9A10D64D1C6D1A76005366F4 /* test1.txt */,
				9A10D64E1C6D1A76005366F4 /* test2.txt */,
				9A10D64F1C6D1A76005366F4 /* test3.txt */,
				9A10D6501C6D1A76005366F4 /* test4.txt */,
			);
			path = "assign-3";
			sourceTree = "<group>";
		};
/* End PBXGroup section */

/* Begin PBXNativeTarget section */
		9A10D63F1C6D1A69005366F4 /* assign-3 */ = {
			isa = PBXNativeTarget;
			buildConfigurationList = 9A10D6471C6D1A69005366F4 /* Build configuration list for PBXNativeTarget "assign-3" */;
			buildPhases = (
				9A10D63C1C6D1A69005366F4 /* Sources */,
				9A10D63D1C6D1A69005366F4 /* Frameworks */,
				9A10D63E1C6D1A69005366F4 /* CopyFiles */,
			);
			buildRules = (
			);
			dependencies = (
			);
			name = "assign-3";
			productName = "assign-3";
			productReference = 9A10D6401C6D1A69005366F4 /* assign-3 */;
			productType = "com.apple.product-type.tool";
		};
/* End PBXNativeTarget section */

/* Begin PBXProject section */
		9A10D6381C6D1A69005366F4 /* Project object */ = {
			isa = PBXProject;
			attributes = {
				LastUpgradeCheck = 0700;
				ORGANIZATIONNAME = "Mackenzie Higa";
				TargetAttributes = {
					9A10D63F1C6D1A69005366F4 = {
						CreatedOnToolsVersion = 7.0;
					};
				};
			};
			buildConfigurationList = 9A10D63B1C6D1A69005366F4 /* Build configuration list for PBXProject "assign-3" */;
			compatibilityVersion = "Xcode 3.2";
			developmentRegion = English;
			hasScannedForEncodings = 0;
			knownRegions = (
				en,
			);
			mainGroup = 9A10D6371C6D1A69005366F4;
			productRefGroup = 9A10D6411C6D1A69005366F4 /* Products */;
			projectDirPath = "";
			projectRoot = "";
			targets = (
				9A10D63F1C6D1A69005366F4 /* assign-3 */,
			);
		};
/* End PBXProject section */

/* Begin PBXSourcesBuildPhase section */
		9A10D63C1C6D1A69005366F4 /* Sources */ = {
			isa = PBXSourcesBuildPhase;
			buildActionMask = 2147483647;
			files = (
				9A10D6521C6D1A76005366F4 /* sorting.cpp in Sources */,
				9A10D6511C6D1A76005366F4 /* a3driver.cpp in Sources */,
			);
			runOnlyForDeploymentPostprocessing = 0;
		};
/* End PBXSourcesBuildPhase section */

/* Begin XCBuildConfiguration section */
		9A10D6451C6D1A69005366F4 /* Debug */ = {
			isa = XCBuildConfiguration;
			buildSettings = {
				ALWAYS_SEARCH_USER_PATHS = NO;
				CLANG_CXX_LANGUAGE_STANDARD = "gnu++0x";
				CLANG_CXX_LIBRARY = "libc++";
				CLANG_ENABLE_MODULES = YES;
				CLANG_ENABLE_OBJC_ARC = YES;
				CLANG_WARN_BOOL_CONVERSION = YES;
				CLANG_WARN_CONSTANT_CONVERSION = YES;
				CLANG_WARN_DIRECT_OBJC_ISA_USAGE = YES_ERROR;
				CLANG_WARN_EMPTY_BODY = YES;
				CLANG_WARN_ENUM_CONVERSION = YES;
				CLANG_WARN_INT_CONVERSION = YES;
				CLANG_WARN_OBJC_ROOT_CLASS = YES_ERROR;
				CLANG_WARN_UNREACHABLE_CODE = YES;
				CLANG_WARN__DUPLICATE_METHOD_MATCH = YES;
				COPY_PHASE_STRIP = NO;
				DEBUG_INFORMATION_FORMAT = dwarf;
				ENABLE_STRICT_OBJC_MSGSEND = YES;
				ENABLE_TESTABILITY = YES;
				GCC_C_LANGUAGE_STANDARD = gnu99;
				GCC_DYNAMIC_NO_PIC = NO;
				GCC_NO_COMMON_BLOCKS = YES;
				GCC_OPTIMIZATION_LEVEL = 0;
				GCC_PREPROCESSOR_DEFINITIONS = (
					"DEBUG=1",
					"$(inherited)",
				);
				GCC_WARN_64_TO_32_BIT_CONVERSION = YES;
				GCC_WARN_ABOUT_RETURN_TYPE = YES_ERROR;
				GCC_WARN_UNDECLARED_SELECTOR = YES;
				GCC_WARN_UNINITIALIZED_AUTOS = YES_AGGRESSIVE;
				GCC_WARN_UNUSED_FUNCTION = YES;
				GCC_WARN_UNUSED_VARIABLE = YES;
				MACOSX_DEPLOYMENT_TARGET = 10.10;
				MTL_ENABLE_DEBUG_INFO = YES;
				ONLY_ACTIVE_ARCH = YES;
				SDKROOT = macosx;
			};
			name = Debug;
		};
		9A10D6461C6D1A69005366F4 /* Release */ = {
			isa = XCBuildConfiguration;
			buildSettings = {
				ALWAYS_SEARCH_USER_PATHS = NO;
				CLANG_CXX_LANGUAGE_STANDARD = "gnu++0x";
				CLANG_CXX_LIBRARY = "libc++";
				CLANG_ENABLE_MODULES = YES;
				CLANG_ENABLE_OBJC_ARC = YES;
				CLANG_WARN_BOOL_CONVERSION = YES;
				CLANG_WARN_CONSTANT_CONVERSION = YES;
				CLANG_WARN_DIRECT_OBJC_ISA_USAGE = YES_ERROR;
				CLANG_WARN_EMPTY_BODY = YES;
				CLANG_WARN_ENUM_CONVERSION = YES;
				CLANG_WARN_INT_CONVERSION = YES;
				CLANG_WARN_OBJC_ROOT_CLASS = YES_ERROR;
				CLANG_WARN_UNREACHABLE_CODE = YES;
				CLANG_WARN__DUPLICATE_METHOD_MATCH = YES;
				COPY_PHASE_STRIP = NO;
				DEBUG_INFORMATION_FORMAT = "dwarf-with-dsym";
				ENABLE_NS_ASSERTIONS = NO;
				ENABLE_STRICT_OBJC_MSGSEND = YES;
				GCC_C_LANGUAGE_STANDARD = gnu99;
				GCC_NO_COMMON_BLOCKS = YES;
				GCC_WARN_64_TO_32_BIT_CONVERSION = YES;
				GCC_WARN_ABOUT_RETURN_TYPE = YES_ERROR;
				GCC_WARN_UNDECLARED_SELECTOR = YES;
				GCC_WARN_UNINITIALIZED_AUTOS = YES_AGGRESSIVE;
				GCC_WARN_UNUSED_FUNCTION = YES;
				GCC_WARN_UNUSED_VARIABLE = YES;
				MACOSX_DEPLOYMENT_TARGET = 10.10;
				MTL_ENABLE_DEBUG_INFO = NO;
				SDKROOT = macosx;
			};
			name = Release;
		};
		9A10D6481C6D1A69005366F4 /* Debug */ = {
			isa = XCBuildConfiguration;
			buildSettings = {
				PRODUCT_NAME = "$(TARGET_NAME)";
			};
			name = Debug;
		};
		9A10D6491C6D1A69005366F4 /* Release */ = {
			isa = XCBuildConfiguration;
			buildSettings = {
				PRODUCT_NAME = "$(TARGET_NAME)";
			};
			name = Release;
		};
/* End XCBuildConfiguration section */

/* Begin XCConfigurationList section */
		9A10D63B1C6D1A69005366F4 /* Build configuration list for PBXProject "assign-3" */ = {
			isa = XCConfigurationList;
			buildConfigurations = (
				9A10D6451C6D1A69005366F4 /* Debug */,
				9A10D6461C6D1A69005366F4 /* Release */,
			);
			defaultConfigurationIsVisible = 0;
			defaultConfigurationName = Release;
		};
		9A10D6471C6D1A69005366F4 /* Build configuration list for PBXNativeTarget "assign-3" */ = {
			isa = XCConfigurationList;
			buildConfigurations = (
				9A10D6481C6D1A69005366F4 /* Debug */,
				9A10D6491C6D1A69005366F4 /* Release */,
			);
			defaultConfigurationIsVisible = 0;
			defaultConfigurationName = Release;
		};
/* End XCConfigurationList section */
	};
	rootObject = 9A10D6381C6D1A69005366F4 /* Project object */;
}
