// !$*UTF8*$!
{
	archiveVersion = 1;
	classes = {
	};
	objectVersion = 46;
	objects = {

/* Begin PBXBuildFile section */
		9A4AA9821C8512F500C1EFE6 /* main.cpp in Sources */ = {isa = PBXBuildFile; fileRef = 9A4AA9811C8512F500C1EFE6 /* main.cpp */; };
		9A4AA98F1C85130400C1EFE6 /* a4simpledriver.cpp in Sources */ = {isa = PBXBuildFile; fileRef = 9A4AA9891C85130400C1EFE6 /* a4simpledriver.cpp */; };
		9A4AA9901C85130400C1EFE6 /* rbtreepartial.cpp in Sources */ = {isa = PBXBuildFile; fileRef = 9A4AA98A1C85130400C1EFE6 /* rbtreepartial.cpp */; };
		9A4AA9911C85130400C1EFE6 /* stockitem.cpp in Sources */ = {isa = PBXBuildFile; fileRef = 9A4AA98C1C85130400C1EFE6 /* stockitem.cpp */; };
		9A68678F1C9CAF0100FE6F2E /* stocksystem.cpp in Sources */ = {isa = PBXBuildFile; fileRef = 9A68678E1C9CAF0100FE6F2E /* stocksystem.cpp */; };
		9AB517841C8562B30056C299 /* redblacktree.cpp in Sources */ = {isa = PBXBuildFile; fileRef = 9AB517831C8562B30056C299 /* redblacktree.cpp */; };
/* End PBXBuildFile section */

/* Begin PBXCopyFilesBuildPhase section */
		9A4AA97C1C8512F500C1EFE6 /* CopyFiles */ = {
			isa = PBXCopyFilesBuildPhase;
			buildActionMask = 2147483647;
			dstPath = /usr/share/man/man1/;
			dstSubfolderSpec = 0;
			files = (
			);
			runOnlyForDeploymentPostprocessing = 1;
		};
/* End PBXCopyFilesBuildPhase section */

/* Begin PBXFileReference section */
		9A4AA97E1C8512F500C1EFE6 /* Assign 4 */ = {isa = PBXFileReference; explicitFileType = "compiled.mach-o.executable"; includeInIndex = 0; path = "Assign 4"; sourceTree = BUILT_PRODUCTS_DIR; };
		9A4AA9811C8512F500C1EFE6 /* main.cpp */ = {isa = PBXFileReference; lastKnownFileType = sourcecode.cpp.cpp; path = main.cpp; sourceTree = "<group>"; };
		9A4AA9881C85130400C1EFE6 /* a4-1161.pdf */ = {isa = PBXFileReference; lastKnownFileType = image.pdf; name = "a4-1161.pdf"; path = "../../a4-1161.pdf"; sourceTree = "<group>"; };
		9A4AA9891C85130400C1EFE6 /* a4simpledriver.cpp */ = {isa = PBXFileReference; fileEncoding = 4; lastKnownFileType = sourcecode.cpp.cpp; name = a4simpledriver.cpp; path = ../../a4simpledriver.cpp; sourceTree = "<group>"; };
		9A4AA98A1C85130400C1EFE6 /* rbtreepartial.cpp */ = {isa = PBXFileReference; fileEncoding = 4; lastKnownFileType = sourcecode.cpp.cpp; name = rbtreepartial.cpp; path = ../../rbtreepartial.cpp; sourceTree = "<group>"; };
		9A4AA98B1C85130400C1EFE6 /* redblacktree.h */ = {isa = PBXFileReference; fileEncoding = 4; lastKnownFileType = sourcecode.c.h; name = redblacktree.h; path = ../../redblacktree.h; sourceTree = "<group>"; };
		9A4AA98C1C85130400C1EFE6 /* stockitem.cpp */ = {isa = PBXFileReference; fileEncoding = 4; lastKnownFileType = sourcecode.cpp.cpp; name = stockitem.cpp; path = ../../stockitem.cpp; sourceTree = "<group>"; };
		9A4AA98D1C85130400C1EFE6 /* stockitem.h */ = {isa = PBXFileReference; fileEncoding = 4; lastKnownFileType = sourcecode.c.h; name = stockitem.h; path = ../../stockitem.h; sourceTree = "<group>"; };
		9A4AA98E1C85130400C1EFE6 /* stocksystem.h */ = {isa = PBXFileReference; fileEncoding = 4; lastKnownFileType = sourcecode.c.h; name = stocksystem.h; path = ../../stocksystem.h; sourceTree = "<group>"; };
		9A68678E1C9CAF0100FE6F2E /* stocksystem.cpp */ = {isa = PBXFileReference; fileEncoding = 4; lastKnownFileType = sourcecode.cpp.cpp; name = stocksystem.cpp; path = ../../stocksystem.cpp; sourceTree = "<group>"; };
		9AB517831C8562B30056C299 /* redblacktree.cpp */ = {isa = PBXFileReference; fileEncoding = 4; lastKnownFileType = sourcecode.cpp.cpp; name = redblacktree.cpp; path = ../../redblacktree.cpp; sourceTree = "<group>"; };
/* End PBXFileReference section */

/* Begin PBXFrameworksBuildPhase section */
		9A4AA97B1C8512F500C1EFE6 /* Frameworks */ = {
			isa = PBXFrameworksBuildPhase;
			buildActionMask = 2147483647;
			files = (
			);
			runOnlyForDeploymentPostprocessing = 0;
		};
/* End PBXFrameworksBuildPhase section */

/* Begin PBXGroup section */
		9A4AA9751C8512F500C1EFE6 = {
			isa = PBXGroup;
			children = (
				9A4AA9801C8512F500C1EFE6 /* Assign 4 */,
				9A4AA97F1C8512F500C1EFE6 /* Products */,
			);
			sourceTree = "<group>";
		};
		9A4AA97F1C8512F500C1EFE6 /* Products */ = {
			isa = PBXGroup;
			children = (
				9A4AA97E1C8512F500C1EFE6 /* Assign 4 */,
			);
			name = Products;
			sourceTree = "<group>";
		};
		9A4AA9801C8512F500C1EFE6 /* Assign 4 */ = {
			isa = PBXGroup;
			children = (
				9A4AA9881C85130400C1EFE6 /* a4-1161.pdf */,
				9A4AA9891C85130400C1EFE6 /* a4simpledriver.cpp */,
				9A4AA98C1C85130400C1EFE6 /* stockitem.cpp */,
				9A4AA98A1C85130400C1EFE6 /* rbtreepartial.cpp */,
				9AB517831C8562B30056C299 /* redblacktree.cpp */,
				9A68678E1C9CAF0100FE6F2E /* stocksystem.cpp */,
				9A4AA98E1C85130400C1EFE6 /* stocksystem.h */,
				9A4AA98B1C85130400C1EFE6 /* redblacktree.h */,
				9A4AA98D1C85130400C1EFE6 /* stockitem.h */,
				9A4AA9811C8512F500C1EFE6 /* main.cpp */,
			);
			path = "Assign 4";
			sourceTree = "<group>";
		};
/* End PBXGroup section */

/* Begin PBXNativeTarget section */
		9A4AA97D1C8512F500C1EFE6 /* Assign 4 */ = {
			isa = PBXNativeTarget;
			buildConfigurationList = 9A4AA9851C8512F500C1EFE6 /* Build configuration list for PBXNativeTarget "Assign 4" */;
			buildPhases = (
				9A4AA97A1C8512F500C1EFE6 /* Sources */,
				9A4AA97B1C8512F500C1EFE6 /* Frameworks */,
				9A4AA97C1C8512F500C1EFE6 /* CopyFiles */,
			);
			buildRules = (
			);
			dependencies = (
			);
			name = "Assign 4";
			productName = "Assign 4";
			productReference = 9A4AA97E1C8512F500C1EFE6 /* Assign 4 */;
			productType = "com.apple.product-type.tool";
		};
/* End PBXNativeTarget section */

/* Begin PBXProject section */
		9A4AA9761C8512F500C1EFE6 /* Project object */ = {
			isa = PBXProject;
			attributes = {
				LastUpgradeCheck = 0700;
				ORGANIZATIONNAME = "Mackenzie Higa";
				TargetAttributes = {
					9A4AA97D1C8512F500C1EFE6 = {
						CreatedOnToolsVersion = 7.0;
					};
				};
			};
			buildConfigurationList = 9A4AA9791C8512F500C1EFE6 /* Build configuration list for PBXProject "Assign 4" */;
			compatibilityVersion = "Xcode 3.2";
			developmentRegion = English;
			hasScannedForEncodings = 0;
			knownRegions = (
				en,
			);
			mainGroup = 9A4AA9751C8512F500C1EFE6;
			productRefGroup = 9A4AA97F1C8512F500C1EFE6 /* Products */;
			projectDirPath = "";
			projectRoot = "";
			targets = (
				9A4AA97D1C8512F500C1EFE6 /* Assign 4 */,
			);
		};
/* End PBXProject section */

/* Begin PBXSourcesBuildPhase section */
		9A4AA97A1C8512F500C1EFE6 /* Sources */ = {
			isa = PBXSourcesBuildPhase;
			buildActionMask = 2147483647;
			files = (
				9A4AA98F1C85130400C1EFE6 /* a4simpledriver.cpp in Sources */,
				9AB517841C8562B30056C299 /* redblacktree.cpp in Sources */,
				9A4AA9911C85130400C1EFE6 /* stockitem.cpp in Sources */,
				9A4AA9821C8512F500C1EFE6 /* main.cpp in Sources */,
				9A4AA9901C85130400C1EFE6 /* rbtreepartial.cpp in Sources */,
				9A68678F1C9CAF0100FE6F2E /* stocksystem.cpp in Sources */,
			);
			runOnlyForDeploymentPostprocessing = 0;
		};
/* End PBXSourcesBuildPhase section */

/* Begin XCBuildConfiguration section */
		9A4AA9831C8512F500C1EFE6 /* Debug */ = {
			isa = XCBuildConfiguration;
			buildSettings = {
				ALWAYS_SEARCH_USER_PATHS = NO;
				CLANG_CXX_LANGUAGE_STANDARD = "gnu++0x";
				CLANG_CXX_LIBRARY = "libc++";
				CLANG_ENABLE_MODULES = YES;
				CLANG_ENABLE_OBJC_ARC = YES;
				CLANG_WARN_BOOL_CONVERSION = YES;
				CLANG_WARN_CONSTANT_CONVERSION = YES;
				CLANG_WARN_DIRECT_OBJC_ISA_USAGE = YES_ERROR;
				CLANG_WARN_EMPTY_BODY = YES;
				CLANG_WARN_ENUM_CONVERSION = YES;
				CLANG_WARN_INT_CONVERSION = YES;
				CLANG_WARN_OBJC_ROOT_CLASS = YES_ERROR;
				CLANG_WARN_UNREACHABLE_CODE = YES;
				CLANG_WARN__DUPLICATE_METHOD_MATCH = YES;
				COPY_PHASE_STRIP = NO;
				DEBUG_INFORMATION_FORMAT = dwarf;
				ENABLE_STRICT_OBJC_MSGSEND = YES;
				ENABLE_TESTABILITY = YES;
				GCC_C_LANGUAGE_STANDARD = gnu99;
				GCC_DYNAMIC_NO_PIC = NO;
				GCC_NO_COMMON_BLOCKS = YES;
				GCC_OPTIMIZATION_LEVEL = 0;
				GCC_PREPROCESSOR_DEFINITIONS = (
					"DEBUG=1",
					"$(inherited)",
				);
				GCC_WARN_64_TO_32_BIT_CONVERSION = YES;
				GCC_WARN_ABOUT_RETURN_TYPE = YES_ERROR;
				GCC_WARN_UNDECLARED_SELECTOR = YES;
				GCC_WARN_UNINITIALIZED_AUTOS = YES_AGGRESSIVE;
				GCC_WARN_UNUSED_FUNCTION = YES;
				GCC_WARN_UNUSED_VARIABLE = YES;
				MACOSX_DEPLOYMENT_TARGET = 10.10;
				MTL_ENABLE_DEBUG_INFO = YES;
				ONLY_ACTIVE_ARCH = YES;
				SDKROOT = macosx;
			};
			name = Debug;
		};
		9A4AA9841C8512F500C1EFE6 /* Release */ = {
			isa = XCBuildConfiguration;
			buildSettings = {
				ALWAYS_SEARCH_USER_PATHS = NO;
				CLANG_CXX_LANGUAGE_STANDARD = "gnu++0x";
				CLANG_CXX_LIBRARY = "libc++";
				CLANG_ENABLE_MODULES = YES;
				CLANG_ENABLE_OBJC_ARC = YES;
				CLANG_WARN_BOOL_CONVERSION = YES;
				CLANG_WARN_CONSTANT_CONVERSION = YES;
				CLANG_WARN_DIRECT_OBJC_ISA_USAGE = YES_ERROR;
				CLANG_WARN_EMPTY_BODY = YES;
				CLANG_WARN_ENUM_CONVERSION = YES;
				CLANG_WARN_INT_CONVERSION = YES;
				CLANG_WARN_OBJC_ROOT_CLASS = YES_ERROR;
				CLANG_WARN_UNREACHABLE_CODE = YES;
				CLANG_WARN__DUPLICATE_METHOD_MATCH = YES;
				COPY_PHASE_STRIP = NO;
				DEBUG_INFORMATION_FORMAT = "dwarf-with-dsym";
				ENABLE_NS_ASSERTIONS = NO;
				ENABLE_STRICT_OBJC_MSGSEND = YES;
				GCC_C_LANGUAGE_STANDARD = gnu99;
				GCC_NO_COMMON_BLOCKS = YES;
				GCC_WARN_64_TO_32_BIT_CONVERSION = YES;
				GCC_WARN_ABOUT_RETURN_TYPE = YES_ERROR;
				GCC_WARN_UNDECLARED_SELECTOR = YES;
				GCC_WARN_UNINITIALIZED_AUTOS = YES_AGGRESSIVE;
				GCC_WARN_UNUSED_FUNCTION = YES;
				GCC_WARN_UNUSED_VARIABLE = YES;
				MACOSX_DEPLOYMENT_TARGET = 10.10;
				MTL_ENABLE_DEBUG_INFO = NO;
				SDKROOT = macosx;
			};
			name = Release;
		};
		9A4AA9861C8512F500C1EFE6 /* Debug */ = {
			isa = XCBuildConfiguration;
			buildSettings = {
				PRODUCT_NAME = "$(TARGET_NAME)";
			};
			name = Debug;
		};
		9A4AA9871C8512F500C1EFE6 /* Release */ = {
			isa = XCBuildConfiguration;
			buildSettings = {
				PRODUCT_NAME = "$(TARGET_NAME)";
			};
			name = Release;
		};
/* End XCBuildConfiguration section */

/* Begin XCConfigurationList section */
		9A4AA9791C8512F500C1EFE6 /* Build configuration list for PBXProject "Assign 4" */ = {
			isa = XCConfigurationList;
			buildConfigurations = (
				9A4AA9831C8512F500C1EFE6 /* Debug */,
				9A4AA9841C8512F500C1EFE6 /* Release */,
			);
			defaultConfigurationIsVisible = 0;
			defaultConfigurationName = Release;
		};
		9A4AA9851C8512F500C1EFE6 /* Build configuration list for PBXNativeTarget "Assign 4" */ = {
			isa = XCConfigurationList;
			buildConfigurations = (
				9A4AA9861C8512F500C1EFE6 /* Debug */,
				9A4AA9871C8512F500C1EFE6 /* Release */,
			);
			defaultConfigurationIsVisible = 0;
			defaultConfigurationName = Release;
		};
/* End XCConfigurationList section */
	};
	rootObject = 9A4AA9761C8512F500C1EFE6 /* Project object */;
}
